
Microsoft Visual Studio Solution File, Format Version 12.00
# Visual Studio Version 16
VisualStudioVersion = 16.0.31005.135
MinimumVisualStudioVersion = 10.0.40219.1
Project("{FAE04EC0-301F-11D3-BF4B-00C04F79EFBC}") = "insights-app", "insights-app\insights-app.csproj", "{52012CBA-9EA7-48EF-8F90-FF5645442FDC}"
EndProject
Global
	GlobalSection(SolutionConfigurationPlatforms) = preSolution
		Debug|Any CPU = Debug|Any CPU
		Release|Any CPU = Release|Any CPU
	EndGlobalSection
	GlobalSection(ProjectConfigurationPlatforms) = postSolution
		{52012CBA-9EA7-48EF-8F90-FF5645442FDC}.Debug|Any CPU.ActiveCfg = Debug|Any CPU
		{52012CBA-9EA7-48EF-8F90-FF5645442FDC}.Debug|Any CPU.Build.0 = Debug|Any CPU
		{52012CBA-9EA7-48EF-8F90-FF5645442FDC}.Release|Any CPU.ActiveCfg = Release|Any CPU
		{52012CBA-9EA7-48EF-8F90-FF5645442FDC}.Release|Any CPU.Build.0 = Release|Any CPU
	EndGlobalSection
	GlobalSection(SolutionProperties) = preSolution
		HideSolutionNode = FALSE
	EndGlobalSection
	GlobalSection(ExtensibilityGlobals) = postSolution
		SolutionGuid = {714D7F10-EA11-4447-84A8-C892A1BF2671}
	EndGlobalSection
EndGlobal
